
Microsoft Visual Studio Solution File, Format Version 12.00
# Visual Studio Version 16
VisualStudioVersion = 16.0.30320.27
MinimumVisualStudioVersion = 10.0.40219.1
Project("{FAE04EC0-301F-11D3-BF4B-00C04F79EFBC}") = "MylibraryStore2", "MylibraryStore2\MylibraryStore2.csproj", "{FCCBF287-2CA4-4B92-8CFF-272FDE36892E}"
EndProject
Global
	GlobalSection(SolutionConfigurationPlatforms) = preSolution
		Debug|Any CPU = Debug|Any CPU
		Release|Any CPU = Release|Any CPU
	EndGlobalSection
	GlobalSection(ProjectConfigurationPlatforms) = postSolution
		{FCCBF287-2CA4-4B92-8CFF-272FDE36892E}.Debug|Any CPU.ActiveCfg = Debug|Any CPU
		{FCCBF287-2CA4-4B92-8CFF-272FDE36892E}.Debug|Any CPU.Build.0 = Debug|Any CPU
		{FCCBF287-2CA4-4B92-8CFF-272FDE36892E}.Release|Any CPU.ActiveCfg = Release|Any CPU
		{FCCBF287-2CA4-4B92-8CFF-272FDE36892E}.Release|Any CPU.Build.0 = Release|Any CPU
	EndGlobalSection
	GlobalSection(SolutionProperties) = preSolution
		HideSolutionNode = FALSE
	EndGlobalSection
	GlobalSection(ExtensibilityGlobals) = postSolution
		SolutionGuid = {61E1689D-5872-48D4-B258-D7272C880C93}
	EndGlobalSection
EndGlobal
